{
  "requires": true,
  "lockfileVersion": 1,
  "dependencies": {
    "@fortawesome/fontawesome-common-types": {
      "version": "0.2.31",
      "resolved": "https://registry.npmjs.org/@fortawesome/fontawesome-common-types/-/fontawesome-common-types-0.2.31.tgz",
      "integrity": "sha512-xfnPyH6NN5r/h1/qDYoGB0BlHSID902UkQzxR8QsoKDh55KAPr8ruAoie12WQEEQT8lRE2wtV7LoUllJ1HqCag=="
    },
    "@fortawesome/fontawesome-svg-core": {
      "version": "1.2.31",
      "resolved": "https://registry.npmjs.org/@fortawesome/fontawesome-svg-core/-/fontawesome-svg-core-1.2.31.tgz",
      "integrity": "sha512-lqUWRK+ylHQJG5Kiez4XrAZAfc7snxCc+X59quL3xPfMnxzfyf1lt+/hD7X1ZL4KlzAH2KFzMuEVrolo/rAkog==",
      "requires": {
        "@fortawesome/fontawesome-common-types": "^0.2.31"
      }
    },
    "@fortawesome/free-brands-svg-icons": {
      "version": "5.15.0",
      "resolved": "https://registry.npmjs.org/@fortawesome/free-brands-svg-icons/-/free-brands-svg-icons-5.15.0.tgz",
      "integrity": "sha512-Qy6sOeSIYfjCQ2CFa/VKQZUo1ycOzoRP7AtITHRp0lmWP1DTgEa1Ow22CgaSh7lNcDbRs5u/v/h2wtjSb2ox4A==",
      "requires": {
        "@fortawesome/fontawesome-common-types": "^0.2.31"
      }
    },
    "@fortawesome/free-regular-svg-icons": {
      "version": "5.15.0",
      "resolved": "https://registry.npmjs.org/@fortawesome/free-regular-svg-icons/-/free-regular-svg-icons-5.15.0.tgz",
      "integrity": "sha512-kgdP2N5sFjzs5+XFZTsz8KNJjXm/851Gtjh8FcG+gpzN4weN/pd9S1jrf1e+2naWughHUzo7AKAzFB2CodpJ3g==",
      "requires": {
        "@fortawesome/fontawesome-common-types": "^0.2.31"
      }
    },
    "@fortawesome/free-solid-svg-icons": {
      "version": "5.15.0",
      "resolved": "https://registry.npmjs.org/@fortawesome/free-solid-svg-icons/-/free-solid-svg-icons-5.15.0.tgz",
      "integrity": "sha512-4dGRsOnGBPM7c0fd3LuiU6LgRSLn01rw1LJ370yC2iFMLUcLCLLynZhQbMhsiJmMwQM/YmPQblAdyHKVCgsIAA==",
      "requires": {
        "@fortawesome/fontawesome-common-types": "^0.2.31"
      }
    },
    "@fortawesome/react-fontawesome": {
      "version": "0.1.11",
      "resolved": "https://registry.npmjs.org/@fortawesome/react-fontawesome/-/react-fontawesome-0.1.11.tgz",
      "integrity": "sha512-sClfojasRifQKI0OPqTy8Ln8iIhnxR/Pv/hukBhWnBz9kQRmqi6JSH3nghlhAY7SUeIIM7B5/D2G8WjX0iepVg==",
      "requires": {
        "prop-types": "^15.7.2"
      }
    },
    "classnames": {
      "version": "2.2.6",
      "resolved": "https://registry.npmjs.org/classnames/-/classnames-2.2.6.tgz",
      "integrity": "sha512-JR/iSQOSt+LQIWwrwEzJ9uk0xfN3mTVYMwt1Ir5mUcSN6pU+V4zQFFaJsclJbPuAUQH+yfWef6tm7l1quW3C8Q=="
    },
    "js-tokens": {
      "version": "4.0.0",
      "resolved": "https://registry.npmjs.org/js-tokens/-/js-tokens-4.0.0.tgz",
      "integrity": "sha512-RdJUflcE3cUzKiMqQgsCu06FPu9UdIJO0beYbPhHN4k6apgJtifcoCtT9bcxOpYBtpD2kCM6Sbzg4CausW/PKQ=="
    },
    "loose-envify": {
      "version": "1.4.0",
      "resolved": "https://registry.npmjs.org/loose-envify/-/loose-envify-1.4.0.tgz",
      "integrity": "sha512-lyuxPGr/Wfhrlem2CL/UcnUc1zcqKAImBDzukY7Y5F/yQiNdko6+fRLevlw1HgMySw7f611UIY408EtxRSoK3Q==",
      "requires": {
        "js-tokens": "^3.0.0 || ^4.0.0"
      }
    },
    "object-assign": {
      "version": "4.1.1",
      "resolved": "https://registry.npmjs.org/object-assign/-/object-assign-4.1.1.tgz",
      "integrity": "sha1-IQmtx5ZYh8/AXLvUQsrIv7s2CGM="
    },
    "prop-types": {
      "version": "15.7.2",
      "resolved": "https://registry.npmjs.org/prop-types/-/prop-types-15.7.2.tgz",
      "integrity": "sha512-8QQikdH7//R2vurIJSutZ1smHYTcLpRWEOlHnzcWHmBYrOGUysKwSsrC89BCiFj3CbrfJ/nXFdJepOVrY1GCHQ==",
      "requires": {
        "loose-envify": "^1.4.0",
        "object-assign": "^4.1.1",
        "react-is": "^16.8.1"
      }
    },
    "react": {
      "version": "16.13.1",
      "resolved": "https://registry.npmjs.org/react/-/react-16.13.1.tgz",
      "integrity": "sha512-YMZQQq32xHLX0bz5Mnibv1/LHb3Sqzngu7xstSM+vrkE5Kzr9xE0yMByK5kMoTK30YVJE61WfbxIFFvfeDKT1w==",
      "requires": {
        "loose-envify": "^1.1.0",
        "object-assign": "^4.1.1",
        "prop-types": "^15.6.2"
      }
    },
    "react-dom": {
      "version": "16.13.1",
      "resolved": "https://registry.npmjs.org/react-dom/-/react-dom-16.13.1.tgz",
      "integrity": "sha512-81PIMmVLnCNLO/fFOQxdQkvEq/+Hfpv24XNJfpyZhTRfO0QcmQIF/PgCa1zCOj2w1hrn12MFLyaJ/G0+Mxtfag==",
      "requires": {
        "loose-envify": "^1.1.0",
        "object-assign": "^4.1.1",
        "prop-types": "^15.6.2",
        "scheduler": "^0.19.1"
      }
    },
    "react-is": {
      "version": "16.13.1",
      "resolved": "https://registry.npmjs.org/react-is/-/react-is-16.13.1.tgz",
      "integrity": "sha512-24e6ynE2H+OKt4kqsOvNd8kBpV65zoxbA4BVsEOB3ARVWQki/DHzaUoC5KuON/BiccDaCCTZBuOcfZs70kR8bQ=="
    },
    "react-typing-effect": {
      "version": "2.0.3",
      "resolved": "https://registry.npmjs.org/react-typing-effect/-/react-typing-effect-2.0.3.tgz",
      "integrity": "sha512-04AdDDvG0HESZjrrMvgtxDkVaxRHDcyGVSAQMcBNxHEseXYvrIHNAoUNF53DRiYoA6G86em0HJuBDqqXfhxy4w==",
      "requires": {
        "classnames": "^2.2.5",
        "react": "^16.2.0",
        "react-dom": "^16.2.0"
      }
    },
    "scheduler": {
      "version": "0.19.1",
      "resolved": "https://registry.npmjs.org/scheduler/-/scheduler-0.19.1.tgz",
      "integrity": "sha512-n/zwRWRYSUj0/3g/otKDRPMh6qv2SYMWNq85IEa8iZyAv8od9zDYpGSnpBEjNgcMNq6Scbu5KfIPxNF72R/2EA==",
      "requires": {
        "loose-envify": "^1.1.0",
        "object-assign": "^4.1.1"
      }
    }
  }
}
